Microsoft Visual Studio Solution File, Format Version 12.00
# Visual Studio Version 17
VisualStudioVersion = 17.0.31903.59
MinimumVisualStudioVersion = 10.0.40219.1
Project("{FAE04EC0-301F-11D3-BF4B-00C04F79EFBC}") = "SheetMetalDxfExporter", "src/SheetMetalDxfExporter/SheetMetalDxfExporter.csproj", "{9B93FE10-D5F1-4EC9-8CD6-BE36C51A6E37}"
EndProject
Project("{FAE04EC0-301F-11D3-BF4B-00C04F79EFBC}") = "SheetMetalDxfExporter.Cli", "src/SheetMetalDxfExporter.Cli/SheetMetalDxfExporter.Cli.csproj", "{AC765FBA-5CA2-4B17-8738-A8D8066A60BF}"
EndProject
Global
	GlobalSection(SolutionConfigurationPlatforms) = preSolution
		Debug|Any CPU = Debug|Any CPU
		Release|Any CPU = Release|Any CPU
	EndGlobalSection
	GlobalSection(ProjectConfigurationPlatforms) = postSolution
		{9B93FE10-D5F1-4EC9-8CD6-BE36C51A6E37}.Debug|Any CPU.ActiveCfg = Debug|Any CPU
		{9B93FE10-D5F1-4EC9-8CD6-BE36C51A6E37}.Debug|Any CPU.Build.0 = Debug|Any CPU
		{9B93FE10-D5F1-4EC9-8CD6-BE36C51A6E37}.Release|Any CPU.ActiveCfg = Release|Any CPU
		{9B93FE10-D5F1-4EC9-8CD6-BE36C51A6E37}.Release|Any CPU.Build.0 = Release|Any CPU
		{AC765FBA-5CA2-4B17-8738-A8D8066A60BF}.Debug|Any CPU.ActiveCfg = Debug|Any CPU
		{AC765FBA-5CA2-4B17-8738-A8D8066A60BF}.Debug|Any CPU.Build.0 = Debug|Any CPU
		{AC765FBA-5CA2-4B17-8738-A8D8066A60BF}.Release|Any CPU.ActiveCfg = Release|Any CPU
		{AC765FBA-5CA2-4B17-8738-A8D8066A60BF}.Release|Any CPU.Build.0 = Release|Any CPU
	EndGlobalSection
EndGlobal
